
Microsoft Visual Studio Solution File, Format Version 12.00
# Visual Studio Version 17
VisualStudioVersion = 17.6.33801.468
MinimumVisualStudioVersion = 10.0.40219.1
Project("{9A19103F-16F7-4668-BE54-9A1E7A4F7556}") = "NadekoHub", "NadekoHub\NadekoHub.csproj", "{EF30ADCA-56FC-4760-8AFB-8B4C0FB3EEE9}"
EndProject
Project("{2150E333-8FDC-42A3-9474-1A3956D46DE8}") = "Solution Items", "Solution Items", "{77CDC297-174D-4173-96B2-A44FFFFE9452}"
	ProjectSection(SolutionItems) = preProject
		.editorconfig = .editorconfig
		.gitignore = .gitignore
		.github\FUNDING.yml = .github\FUNDING.yml
		LICENSE = LICENSE
		README.md = README.md
	EndProjectSection
EndProject
Project("{2150E333-8FDC-42A3-9474-1A3956D46DE8}") = ".github", ".github", "{C429233C-A5D7-4BEF-A7C1-1C38DF4E6E19}"
	ProjectSection(SolutionItems) = preProject
		.github\FUNDING.yml = .github\FUNDING.yml
	EndProjectSection
EndProject
Project("{2150E333-8FDC-42A3-9474-1A3956D46DE8}") = "workflows", "workflows", "{F7FC56A9-2C60-4FF7-97F5-9775E40D0772}"
	ProjectSection(SolutionItems) = preProject
		.github\workflows\codeql.yml = .github\workflows\codeql.yml
		.github\workflows\dotnet.yml = .github\workflows\dotnet.yml
		.github\workflows\publish-release.yml = .github\workflows\publish-release.yml
	EndProjectSection
EndProject
Project("{2150E333-8FDC-42A3-9474-1A3956D46DE8}") = "ISSUE_TEMPLATE", "ISSUE_TEMPLATE", "{F1442B78-5F46-4A56-A795-196709E4C25B}"
	ProjectSection(SolutionItems) = preProject
		.github\ISSUE_TEMPLATE\bug_report.yml = .github\ISSUE_TEMPLATE\bug_report.yml
		.github\ISSUE_TEMPLATE\feature_request.yml = .github\ISSUE_TEMPLATE\feature_request.yml
	EndProjectSection
EndProject
Project("{2150E333-8FDC-42A3-9474-1A3956D46DE8}") = "PULL_REQUEST_TEMPLATE", "PULL_REQUEST_TEMPLATE", "{AEFE9300-605D-4613-B10B-9821DA5BFAF7}"
	ProjectSection(SolutionItems) = preProject
		.github\PULL_REQUEST_TEMPLATE\pull_request_template.md = .github\PULL_REQUEST_TEMPLATE\pull_request_template.md
	EndProjectSection
EndProject
Global
	GlobalSection(SolutionConfigurationPlatforms) = preSolution
		Debug|Any CPU = Debug|Any CPU
		Release|Any CPU = Release|Any CPU
	EndGlobalSection
	GlobalSection(ProjectConfigurationPlatforms) = postSolution
		{EF30ADCA-56FC-4760-8AFB-8B4C0FB3EEE9}.Debug|Any CPU.ActiveCfg = Debug|Any CPU
		{EF30ADCA-56FC-4760-8AFB-8B4C0FB3EEE9}.Debug|Any CPU.Build.0 = Debug|Any CPU
		{EF30ADCA-56FC-4760-8AFB-8B4C0FB3EEE9}.Release|Any CPU.ActiveCfg = Release|Any CPU
		{EF30ADCA-56FC-4760-8AFB-8B4C0FB3EEE9}.Release|Any CPU.Build.0 = Release|Any CPU
	EndGlobalSection
	GlobalSection(SolutionProperties) = preSolution
		HideSolutionNode = FALSE
	EndGlobalSection
	GlobalSection(NestedProjects) = preSolution
		{C429233C-A5D7-4BEF-A7C1-1C38DF4E6E19} = {77CDC297-174D-4173-96B2-A44FFFFE9452}
		{F7FC56A9-2C60-4FF7-97F5-9775E40D0772} = {C429233C-A5D7-4BEF-A7C1-1C38DF4E6E19}
		{F1442B78-5F46-4A56-A795-196709E4C25B} = {C429233C-A5D7-4BEF-A7C1-1C38DF4E6E19}
		{AEFE9300-605D-4613-B10B-9821DA5BFAF7} = {C429233C-A5D7-4BEF-A7C1-1C38DF4E6E19}
	EndGlobalSection
	GlobalSection(ExtensibilityGlobals) = postSolution
		SolutionGuid = {B1516EC2-1D94-4363-9576-B97E7C33DEB8}
	EndGlobalSection
EndGlobal
